
Microsoft Visual Studio Solution File, Format Version 12.00
# Visual Studio Version 17
VisualStudioVersion = 17.1.32414.318
MinimumVisualStudioVersion = 10.0.40219.1
Project("{FAE04EC0-301F-11D3-BF4B-00C04F79EFBC}") = "WpfApp7", "WpfApp7\WpfApp7.csproj", "{6C8EA143-440A-4FE0-AFE3-27DEA0A5E53E}"
EndProject
Project("{54435603-DBB4-11D2-8724-00A0C9A8B90C}") = "Setup1", "Setup1\Setup1.vdproj", "{B802C24C-B40E-4CEC-AA79-2BF97AF8FBFD}"
EndProject
Project("{54435603-DBB4-11D2-8724-00A0C9A8B90C}") = "Setup2", "Setup2\Setup2.vdproj", "{00315EBD-9614-4E22-9FAC-E7E57F7ABCC0}"
EndProject
Project("{54435603-DBB4-11D2-8724-00A0C9A8B90C}") = "Setup3", "Setup3\Setup3.vdproj", "{2CC0FFF6-2F54-4085-87DD-D963490CFA2E}"
EndProject
Global
	GlobalSection(SolutionConfigurationPlatforms) = preSolution
		Debug|Any CPU = Debug|Any CPU
		Release|Any CPU = Release|Any CPU
	EndGlobalSection
	GlobalSection(ProjectConfigurationPlatforms) = postSolution
		{6C8EA143-440A-4FE0-AFE3-27DEA0A5E53E}.Debug|Any CPU.ActiveCfg = Debug|Any CPU
		{6C8EA143-440A-4FE0-AFE3-27DEA0A5E53E}.Debug|Any CPU.Build.0 = Debug|Any CPU
		{6C8EA143-440A-4FE0-AFE3-27DEA0A5E53E}.Release|Any CPU.ActiveCfg = Release|Any CPU
		{6C8EA143-440A-4FE0-AFE3-27DEA0A5E53E}.Release|Any CPU.Build.0 = Release|Any CPU
		{B802C24C-B40E-4CEC-AA79-2BF97AF8FBFD}.Debug|Any CPU.ActiveCfg = Debug
		{B802C24C-B40E-4CEC-AA79-2BF97AF8FBFD}.Release|Any CPU.ActiveCfg = Release
		{00315EBD-9614-4E22-9FAC-E7E57F7ABCC0}.Debug|Any CPU.ActiveCfg = Debug
		{00315EBD-9614-4E22-9FAC-E7E57F7ABCC0}.Release|Any CPU.ActiveCfg = Release
		{2CC0FFF6-2F54-4085-87DD-D963490CFA2E}.Debug|Any CPU.ActiveCfg = Debug
		{2CC0FFF6-2F54-4085-87DD-D963490CFA2E}.Release|Any CPU.ActiveCfg = Release
	EndGlobalSection
	GlobalSection(SolutionProperties) = preSolution
		HideSolutionNode = FALSE
	EndGlobalSection
	GlobalSection(ExtensibilityGlobals) = postSolution
		SolutionGuid = {3B519629-7419-4B5D-B59B-B8E664737AD2}
	EndGlobalSection
EndGlobal
